{
  "requires": true,
  "lockfileVersion": 1,
  "dependencies": {
    "fullpage.js": {
      "version": "2.9.7",
      "resolved": "https://registry.npmjs.org/fullpage.js/-/fullpage.js-2.9.7.tgz",
      "integrity": "sha512-r2a7h/xAFRningddSAP/xZtZxG3dxvmAc71ckommFsHF/EAPu5gw1CU4DRc2ErRg10lLX1gBoybISpa5F3ps5A==",
      "requires": {
        "jquery": ">=1.6.0"
      }
    },
    "jquery": {
      "version": "3.3.1",
      "resolved": "https://registry.npmjs.org/jquery/-/jquery-3.3.1.tgz",
      "integrity": "sha512-Ubldcmxp5np52/ENotGxlLe6aGMvmF4R8S6tZjsP6Knsaxd/xp3Zrh50cG93lR6nPXyUFwzN3ZSOQI0wRJNdGg=="
    }
  }
}
